
Microsoft Visual Studio Solution File, Format Version 12.00
# Visual Studio 15
VisualStudioVersion = 15.0.28307.489
MinimumVisualStudioVersion = 10.0.40219.1
Project("{FAE04EC0-301F-11D3-BF4B-00C04F79EFBC}") = "Blog-NetCore-YAML", "Blog-NetCore-YAML\Blog-NetCore-YAML.csproj", "{DA10FCA5-DD82-4ACA-A72D-4C7DD53DB264}"
EndProject
Global
	GlobalSection(SolutionConfigurationPlatforms) = preSolution
		Debug|Any CPU = Debug|Any CPU
		Release|Any CPU = Release|Any CPU
	EndGlobalSection
	GlobalSection(ProjectConfigurationPlatforms) = postSolution
		{DA10FCA5-DD82-4ACA-A72D-4C7DD53DB264}.Debug|Any CPU.ActiveCfg = Debug|Any CPU
		{DA10FCA5-DD82-4ACA-A72D-4C7DD53DB264}.Debug|Any CPU.Build.0 = Debug|Any CPU
		{DA10FCA5-DD82-4ACA-A72D-4C7DD53DB264}.Release|Any CPU.ActiveCfg = Release|Any CPU
		{DA10FCA5-DD82-4ACA-A72D-4C7DD53DB264}.Release|Any CPU.Build.0 = Release|Any CPU
	EndGlobalSection
	GlobalSection(SolutionProperties) = preSolution
		HideSolutionNode = FALSE
	EndGlobalSection
	GlobalSection(ExtensibilityGlobals) = postSolution
		SolutionGuid = {1441DE45-4539-4751-B240-2516B24B61DF}
	EndGlobalSection
EndGlobal
